
Microsoft Visual Studio Solution File, Format Version 12.00
# Visual Studio Version 16
VisualStudioVersion = 16.0.34301.259
MinimumVisualStudioVersion = 10.0.40219.1
Project("{8BC9CEB8-8B4A-11D0-8D11-00A0C91BC942}") = "SimpleCompute", "SimpleCompute\SimpleCompute.vcxproj", "{62571261-BC59-406D-8D50-60922503006B}"
EndProject
Global
	GlobalSection(SolutionConfigurationPlatforms) = preSolution
		Debug|x64 = Debug|x64
		Release|x64 = Release|x64
	EndGlobalSection
	GlobalSection(ProjectConfigurationPlatforms) = postSolution
		{62571261-BC59-406D-8D50-60922503006B}.Debug|x64.ActiveCfg = Debug|x64
		{62571261-BC59-406D-8D50-60922503006B}.Debug|x64.Build.0 = Debug|x64
		{62571261-BC59-406D-8D50-60922503006B}.Release|x64.ActiveCfg = Release|x64
		{62571261-BC59-406D-8D50-60922503006B}.Release|x64.Build.0 = Release|x64
	EndGlobalSection
	GlobalSection(SolutionProperties) = preSolution
		HideSolutionNode = FALSE
	EndGlobalSection
	GlobalSection(ExtensibilityGlobals) = postSolution
		SolutionGuid = {D71EECFB-4BBB-40AD-9B5E-0614F81709E5}
	EndGlobalSection
EndGlobal
